// !$*UTF8*$!
{
	archiveVersion = 1;
	classes = {
	};
	objectVersion = 55;
	objects = {

/* Begin PBXBuildFile section */
		8C4A7C5928BDF1FD00B1CF58 /* AppDelegate.swift in Sources */ = {isa = PBXBuildFile; fileRef = 8C4A7C5828BDF1FD00B1CF58 /* AppDelegate.swift */; };
		8C4A7C5B28BDF1FD00B1CF58 /* SceneDelegate.swift in Sources */ = {isa = PBXBuildFile; fileRef = 8C4A7C5A28BDF1FD00B1CF58 /* SceneDelegate.swift */; };
		8C4A7C6028BDF1FD00B1CF58 /* Main.storyboard in Resources */ = {isa = PBXBuildFile; fileRef = 8C4A7C5E28BDF1FD00B1CF58 /* Main.storyboard */; };
		8C4A7C6228BDF20000B1CF58 /* Assets.xcassets in Resources */ = {isa = PBXBuildFile; fileRef = 8C4A7C6128BDF20000B1CF58 /* Assets.xcassets */; };
		8C4A7C6528BDF20000B1CF58 /* LaunchScreen.storyboard in Resources */ = {isa = PBXBuildFile; fileRef = 8C4A7C6328BDF20000B1CF58 /* LaunchScreen.storyboard */; };
		8C4A7C7428BE384A00B1CF58 /* WeatherViewController.swift in Sources */ = {isa = PBXBuildFile; fileRef = 8C4A7C7328BE384A00B1CF58 /* WeatherViewController.swift */; };
		8C4A7C7928BE3D6100B1CF58 /* WeatherTableViewCell.swift in Sources */ = {isa = PBXBuildFile; fileRef = 8C4A7C7828BE3D6100B1CF58 /* WeatherTableViewCell.swift */; };
		8C4A7C7C28BE412600B1CF58 /* Extensions.swift in Sources */ = {isa = PBXBuildFile; fileRef = 8C4A7C7B28BE412600B1CF58 /* Extensions.swift */; };
		8C4A7C7F28BF403E00B1CF58 /* Weather.swift in Sources */ = {isa = PBXBuildFile; fileRef = 8C4A7C7E28BF403E00B1CF58 /* Weather.swift */; };
		8C4A7C8228BF4B1E00B1CF58 /* WeatherService.swift in Sources */ = {isa = PBXBuildFile; fileRef = 8C4A7C8128BF4B1E00B1CF58 /* WeatherService.swift */; };
		8C4A7C8428BF4EEF00B1CF58 /* KeyList.plist in Resources */ = {isa = PBXBuildFile; fileRef = 8C4A7C8328BF4EEF00B1CF58 /* KeyList.plist */; };
		8C4A7C8628C0876100B1CF58 /* ImageCacheManager.swift in Sources */ = {isa = PBXBuildFile; fileRef = 8C4A7C8528C0876100B1CF58 /* ImageCacheManager.swift */; };
		8C4A7C8828C0B16B00B1CF58 /* WeatherDetailViewController.swift in Sources */ = {isa = PBXBuildFile; fileRef = 8C4A7C8728C0B16B00B1CF58 /* WeatherDetailViewController.swift */; };
/* End PBXBuildFile section */

/* Begin PBXFileReference section */
		8C4A7C5528BDF1FD00B1CF58 /* WeatherApp.app */ = {isa = PBXFileReference; explicitFileType = wrapper.application; includeInIndex = 0; path = WeatherApp.app; sourceTree = BUILT_PRODUCTS_DIR; };
		8C4A7C5828BDF1FD00B1CF58 /* AppDelegate.swift */ = {isa = PBXFileReference; lastKnownFileType = sourcecode.swift; path = AppDelegate.swift; sourceTree = "<group>"; };
		8C4A7C5A28BDF1FD00B1CF58 /* SceneDelegate.swift */ = {isa = PBXFileReference; lastKnownFileType = sourcecode.swift; path = SceneDelegate.swift; sourceTree = "<group>"; };
		8C4A7C5F28BDF1FD00B1CF58 /* Base */ = {isa = PBXFileReference; lastKnownFileType = file.storyboard; name = Base; path = Base.lproj/Main.storyboard; sourceTree = "<group>"; };
		8C4A7C6128BDF20000B1CF58 /* Assets.xcassets */ = {isa = PBXFileReference; lastKnownFileType = folder.assetcatalog; path = Assets.xcassets; sourceTree = "<group>"; };
		8C4A7C6428BDF20000B1CF58 /* Base */ = {isa = PBXFileReference; lastKnownFileType = file.storyboard; name = Base; path = Base.lproj/LaunchScreen.storyboard; sourceTree = "<group>"; };
		8C4A7C6628BDF20000B1CF58 /* Info.plist */ = {isa = PBXFileReference; lastKnownFileType = text.plist.xml; path = Info.plist; sourceTree = "<group>"; };
		8C4A7C7328BE384A00B1CF58 /* WeatherViewController.swift */ = {isa = PBXFileReference; lastKnownFileType = sourcecode.swift; path = WeatherViewController.swift; sourceTree = "<group>"; };
		8C4A7C7828BE3D6100B1CF58 /* WeatherTableViewCell.swift */ = {isa = PBXFileReference; lastKnownFileType = sourcecode.swift; path = WeatherTableViewCell.swift; sourceTree = "<group>"; };
		8C4A7C7B28BE412600B1CF58 /* Extensions.swift */ = {isa = PBXFileReference; lastKnownFileType = sourcecode.swift; path = Extensions.swift; sourceTree = "<group>"; };
		8C4A7C7E28BF403E00B1CF58 /* Weather.swift */ = {isa = PBXFileReference; lastKnownFileType = sourcecode.swift; path = Weather.swift; sourceTree = "<group>"; };
		8C4A7C8128BF4B1E00B1CF58 /* WeatherService.swift */ = {isa = PBXFileReference; lastKnownFileType = sourcecode.swift; path = WeatherService.swift; sourceTree = "<group>"; };
		8C4A7C8328BF4EEF00B1CF58 /* KeyList.plist */ = {isa = PBXFileReference; lastKnownFileType = text.plist.xml; path = KeyList.plist; sourceTree = "<group>"; };
		8C4A7C8528C0876100B1CF58 /* ImageCacheManager.swift */ = {isa = PBXFileReference; lastKnownFileType = sourcecode.swift; path = ImageCacheManager.swift; sourceTree = "<group>"; };
		8C4A7C8728C0B16B00B1CF58 /* WeatherDetailViewController.swift */ = {isa = PBXFileReference; lastKnownFileType = sourcecode.swift; path = WeatherDetailViewController.swift; sourceTree = "<group>"; };
/* End PBXFileReference section */

/* Begin PBXFrameworksBuildPhase section */
		8C4A7C5228BDF1FD00B1CF58 /* Frameworks */ = {
			isa = PBXFrameworksBuildPhase;
			buildActionMask = 2147483647;
			files = (
			);
			runOnlyForDeploymentPostprocessing = 0;
		};
/* End PBXFrameworksBuildPhase section */

/* Begin PBXGroup section */
		8C4A7C4C28BDF1FD00B1CF58 = {
			isa = PBXGroup;
			children = (
				8C4A7C5728BDF1FD00B1CF58 /* WeatherApp */,
				8C4A7C5628BDF1FD00B1CF58 /* Products */,
			);
			sourceTree = "<group>";
		};
		8C4A7C5628BDF1FD00B1CF58 /* Products */ = {
			isa = PBXGroup;
			children = (
				8C4A7C5528BDF1FD00B1CF58 /* WeatherApp.app */,
			);
			name = Products;
			sourceTree = "<group>";
		};
		8C4A7C5728BDF1FD00B1CF58 /* WeatherApp */ = {
			isa = PBXGroup;
			children = (
				8C4A7C8028BF4B0300B1CF58 /* Service */,
				8C4A7C7D28BF402800B1CF58 /* Model */,
				8C4A7C7A28BE410800B1CF58 /* Extensions */,
				8C4A7C7728BE3D4E00B1CF58 /* Views */,
				8C4A7C7228BE383100B1CF58 /* Controllers */,
				8C4A7C5828BDF1FD00B1CF58 /* AppDelegate.swift */,
				8C4A7C5A28BDF1FD00B1CF58 /* SceneDelegate.swift */,
				8C4A7C5E28BDF1FD00B1CF58 /* Main.storyboard */,
				8C4A7C6128BDF20000B1CF58 /* Assets.xcassets */,
				8C4A7C6328BDF20000B1CF58 /* LaunchScreen.storyboard */,
				8C4A7C6628BDF20000B1CF58 /* Info.plist */,
				8C4A7C8328BF4EEF00B1CF58 /* KeyList.plist */,
				8C4A7C8528C0876100B1CF58 /* ImageCacheManager.swift */,
			);
			path = WeatherApp;
			sourceTree = "<group>";
		};
		8C4A7C7228BE383100B1CF58 /* Controllers */ = {
			isa = PBXGroup;
			children = (
				8C4A7C7328BE384A00B1CF58 /* WeatherViewController.swift */,
				8C4A7C8728C0B16B00B1CF58 /* WeatherDetailViewController.swift */,
			);
			path = Controllers;
			sourceTree = "<group>";
		};
		8C4A7C7728BE3D4E00B1CF58 /* Views */ = {
			isa = PBXGroup;
			children = (
				8C4A7C7828BE3D6100B1CF58 /* WeatherTableViewCell.swift */,
			);
			path = Views;
			sourceTree = "<group>";
		};
		8C4A7C7A28BE410800B1CF58 /* Extensions */ = {
			isa = PBXGroup;
			children = (
				8C4A7C7B28BE412600B1CF58 /* Extensions.swift */,
			);
			path = Extensions;
			sourceTree = "<group>";
		};
		8C4A7C7D28BF402800B1CF58 /* Model */ = {
			isa = PBXGroup;
			children = (
				8C4A7C7E28BF403E00B1CF58 /* Weather.swift */,
			);
			path = Model;
			sourceTree = "<group>";
		};
		8C4A7C8028BF4B0300B1CF58 /* Service */ = {
			isa = PBXGroup;
			children = (
				8C4A7C8128BF4B1E00B1CF58 /* WeatherService.swift */,
			);
			path = Service;
			sourceTree = "<group>";
		};
/* End PBXGroup section */

/* Begin PBXNativeTarget section */
		8C4A7C5428BDF1FD00B1CF58 /* WeatherApp */ = {
			isa = PBXNativeTarget;
			buildConfigurationList = 8C4A7C6928BDF20000B1CF58 /* Build configuration list for PBXNativeTarget "WeatherApp" */;
			buildPhases = (
				8C4A7C5128BDF1FD00B1CF58 /* Sources */,
				8C4A7C5228BDF1FD00B1CF58 /* Frameworks */,
				8C4A7C5328BDF1FD00B1CF58 /* Resources */,
			);
			buildRules = (
			);
			dependencies = (
			);
			name = WeatherApp;
			productName = WeatherApp;
			productReference = 8C4A7C5528BDF1FD00B1CF58 /* WeatherApp.app */;
			productType = "com.apple.product-type.application";
		};
/* End PBXNativeTarget section */

/* Begin PBXProject section */
		8C4A7C4D28BDF1FD00B1CF58 /* Project object */ = {
			isa = PBXProject;
			attributes = {
				BuildIndependentTargetsInParallel = 1;
				LastSwiftUpdateCheck = 1340;
				LastUpgradeCheck = 1340;
				TargetAttributes = {
					8C4A7C5428BDF1FD00B1CF58 = {
						CreatedOnToolsVersion = 13.4.1;
					};
				};
			};
			buildConfigurationList = 8C4A7C5028BDF1FD00B1CF58 /* Build configuration list for PBXProject "WeatherApp" */;
			compatibilityVersion = "Xcode 13.0";
			developmentRegion = en;
			hasScannedForEncodings = 0;
			knownRegions = (
				en,
				Base,
			);
			mainGroup = 8C4A7C4C28BDF1FD00B1CF58;
			productRefGroup = 8C4A7C5628BDF1FD00B1CF58 /* Products */;
			projectDirPath = "";
			projectRoot = "";
			targets = (
				8C4A7C5428BDF1FD00B1CF58 /* WeatherApp */,
			);
		};
/* End PBXProject section */

/* Begin PBXResourcesBuildPhase section */
		8C4A7C5328BDF1FD00B1CF58 /* Resources */ = {
			isa = PBXResourcesBuildPhase;
			buildActionMask = 2147483647;
			files = (
				8C4A7C6528BDF20000B1CF58 /* LaunchScreen.storyboard in Resources */,
				8C4A7C6228BDF20000B1CF58 /* Assets.xcassets in Resources */,
				8C4A7C8428BF4EEF00B1CF58 /* KeyList.plist in Resources */,
				8C4A7C6028BDF1FD00B1CF58 /* Main.storyboard in Resources */,
			);
			runOnlyForDeploymentPostprocessing = 0;
		};
/* End PBXResourcesBuildPhase section */

/* Begin PBXSourcesBuildPhase section */
		8C4A7C5128BDF1FD00B1CF58 /* Sources */ = {
			isa = PBXSourcesBuildPhase;
			buildActionMask = 2147483647;
			files = (
				8C4A7C8828C0B16B00B1CF58 /* WeatherDetailViewController.swift in Sources */,
				8C4A7C7C28BE412600B1CF58 /* Extensions.swift in Sources */,
				8C4A7C7928BE3D6100B1CF58 /* WeatherTableViewCell.swift in Sources */,
				8C4A7C5928BDF1FD00B1CF58 /* AppDelegate.swift in Sources */,
				8C4A7C7428BE384A00B1CF58 /* WeatherViewController.swift in Sources */,
				8C4A7C8628C0876100B1CF58 /* ImageCacheManager.swift in Sources */,
				8C4A7C7F28BF403E00B1CF58 /* Weather.swift in Sources */,
				8C4A7C5B28BDF1FD00B1CF58 /* SceneDelegate.swift in Sources */,
				8C4A7C8228BF4B1E00B1CF58 /* WeatherService.swift in Sources */,
			);
			runOnlyForDeploymentPostprocessing = 0;
		};
/* End PBXSourcesBuildPhase section */

/* Begin PBXVariantGroup section */
		8C4A7C5E28BDF1FD00B1CF58 /* Main.storyboard */ = {
			isa = PBXVariantGroup;
			children = (
				8C4A7C5F28BDF1FD00B1CF58 /* Base */,
			);
			name = Main.storyboard;
			sourceTree = "<group>";
		};
		8C4A7C6328BDF20000B1CF58 /* LaunchScreen.storyboard */ = {
			isa = PBXVariantGroup;
			children = (
				8C4A7C6428BDF20000B1CF58 /* Base */,
			);
			name = LaunchScreen.storyboard;
			sourceTree = "<group>";
		};
/* End PBXVariantGroup section */

/* Begin XCBuildConfiguration section */
		8C4A7C6728BDF20000B1CF58 /* Debug */ = {
			isa = XCBuildConfiguration;
			buildSettings = {
				ALWAYS_SEARCH_USER_PATHS = NO;
				CLANG_ANALYZER_NONNULL = YES;
				CLANG_ANALYZER_NUMBER_OBJECT_CONVERSION = YES_AGGRESSIVE;
				CLANG_CXX_LANGUAGE_STANDARD = "gnu++17";
				CLANG_ENABLE_MODULES = YES;
				CLANG_ENABLE_OBJC_ARC = YES;
				CLANG_ENABLE_OBJC_WEAK = YES;
				CLANG_WARN_BLOCK_CAPTURE_AUTORELEASING = YES;
				CLANG_WARN_BOOL_CONVERSION = YES;
				CLANG_WARN_COMMA = YES;
				CLANG_WARN_CONSTANT_CONVERSION = YES;
				CLANG_WARN_DEPRECATED_OBJC_IMPLEMENTATIONS = YES;
				CLANG_WARN_DIRECT_OBJC_ISA_USAGE = YES_ERROR;
				CLANG_WARN_DOCUMENTATION_COMMENTS = YES;
				CLANG_WARN_EMPTY_BODY = YES;
				CLANG_WARN_ENUM_CONVERSION = YES;
				CLANG_WARN_INFINITE_RECURSION = YES;
				CLANG_WARN_INT_CONVERSION = YES;
				CLANG_WARN_NON_LITERAL_NULL_CONVERSION = YES;
				CLANG_WARN_OBJC_IMPLICIT_RETAIN_SELF = YES;
				CLANG_WARN_OBJC_LITERAL_CONVERSION = YES;
				CLANG_WARN_OBJC_ROOT_CLASS = YES_ERROR;
				CLANG_WARN_QUOTED_INCLUDE_IN_FRAMEWORK_HEADER = YES;
				CLANG_WARN_RANGE_LOOP_ANALYSIS = YES;
				CLANG_WARN_STRICT_PROTOTYPES = YES;
				CLANG_WARN_SUSPICIOUS_MOVE = YES;
				CLANG_WARN_UNGUARDED_AVAILABILITY = YES_AGGRESSIVE;
				CLANG_WARN_UNREACHABLE_CODE = YES;
				CLANG_WARN__DUPLICATE_METHOD_MATCH = YES;
				COPY_PHASE_STRIP = NO;
				DEBUG_INFORMATION_FORMAT = dwarf;
				ENABLE_STRICT_OBJC_MSGSEND = YES;
				ENABLE_TESTABILITY = YES;
				GCC_C_LANGUAGE_STANDARD = gnu11;
				GCC_DYNAMIC_NO_PIC = NO;
				GCC_NO_COMMON_BLOCKS = YES;
				GCC_OPTIMIZATION_LEVEL = 0;
				GCC_PREPROCESSOR_DEFINITIONS = (
					"DEBUG=1",
					"$(inherited)",
				);
				GCC_WARN_64_TO_32_BIT_CONVERSION = YES;
				GCC_WARN_ABOUT_RETURN_TYPE = YES_ERROR;
				GCC_WARN_UNDECLARED_SELECTOR = YES;
				GCC_WARN_UNINITIALIZED_AUTOS = YES_AGGRESSIVE;
				GCC_WARN_UNUSED_FUNCTION = YES;
				GCC_WARN_UNUSED_VARIABLE = YES;
				IPHONEOS_DEPLOYMENT_TARGET = 15.5;
				MTL_ENABLE_DEBUG_INFO = INCLUDE_SOURCE;
				MTL_FAST_MATH = YES;
				ONLY_ACTIVE_ARCH = YES;
				SDKROOT = iphoneos;
				SWIFT_ACTIVE_COMPILATION_CONDITIONS = DEBUG;
				SWIFT_OPTIMIZATION_LEVEL = "-Onone";
			};
			name = Debug;
		};
		8C4A7C6828BDF20000B1CF58 /* Release */ = {
			isa = XCBuildConfiguration;
			buildSettings = {
				ALWAYS_SEARCH_USER_PATHS = NO;
				CLANG_ANALYZER_NONNULL = YES;
				CLANG_ANALYZER_NUMBER_OBJECT_CONVERSION = YES_AGGRESSIVE;
				CLANG_CXX_LANGUAGE_STANDARD = "gnu++17";
				CLANG_ENABLE_MODULES = YES;
				CLANG_ENABLE_OBJC_ARC = YES;
				CLANG_ENABLE_OBJC_WEAK = YES;
				CLANG_WARN_BLOCK_CAPTURE_AUTORELEASING = YES;
				CLANG_WARN_BOOL_CONVERSION = YES;
				CLANG_WARN_COMMA = YES;
				CLANG_WARN_CONSTANT_CONVERSION = YES;
				CLANG_WARN_DEPRECATED_OBJC_IMPLEMENTATIONS = YES;
				CLANG_WARN_DIRECT_OBJC_ISA_USAGE = YES_ERROR;
				CLANG_WARN_DOCUMENTATION_COMMENTS = YES;
				CLANG_WARN_EMPTY_BODY = YES;
				CLANG_WARN_ENUM_CONVERSION = YES;
				CLANG_WARN_INFINITE_RECURSION = YES;
				CLANG_WARN_INT_CONVERSION = YES;
				CLANG_WARN_NON_LITERAL_NULL_CONVERSION = YES;
				CLANG_WARN_OBJC_IMPLICIT_RETAIN_SELF = YES;
				CLANG_WARN_OBJC_LITERAL_CONVERSION = YES;
				CLANG_WARN_OBJC_ROOT_CLASS = YES_ERROR;
				CLANG_WARN_QUOTED_INCLUDE_IN_FRAMEWORK_HEADER = YES;
				CLANG_WARN_RANGE_LOOP_ANALYSIS = YES;
				CLANG_WARN_STRICT_PROTOTYPES = YES;
				CLANG_WARN_SUSPICIOUS_MOVE = YES;
				CLANG_WARN_UNGUARDED_AVAILABILITY = YES_AGGRESSIVE;
				CLANG_WARN_UNREACHABLE_CODE = YES;
				CLANG_WARN__DUPLICATE_METHOD_MATCH = YES;
				COPY_PHASE_STRIP = NO;
				DEBUG_INFORMATION_FORMAT = "dwarf-with-dsym";
				ENABLE_NS_ASSERTIONS = NO;
				ENABLE_STRICT_OBJC_MSGSEND = YES;
				GCC_C_LANGUAGE_STANDARD = gnu11;
				GCC_NO_COMMON_BLOCKS = YES;
				GCC_WARN_64_TO_32_BIT_CONVERSION = YES;
				GCC_WARN_ABOUT_RETURN_TYPE = YES_ERROR;
				GCC_WARN_UNDECLARED_SELECTOR = YES;
				GCC_WARN_UNINITIALIZED_AUTOS = YES_AGGRESSIVE;
				GCC_WARN_UNUSED_FUNCTION = YES;
				GCC_WARN_UNUSED_VARIABLE = YES;
				IPHONEOS_DEPLOYMENT_TARGET = 15.5;
				MTL_ENABLE_DEBUG_INFO = NO;
				MTL_FAST_MATH = YES;
				SDKROOT = iphoneos;
				SWIFT_COMPILATION_MODE = wholemodule;
				SWIFT_OPTIMIZATION_LEVEL = "-O";
				VALIDATE_PRODUCT = YES;
			};
			name = Release;
		};
		8C4A7C6A28BDF20000B1CF58 /* Debug */ = {
			isa = XCBuildConfiguration;
			buildSettings = {
				ASSETCATALOG_COMPILER_APPICON_NAME = AppIcon;
				ASSETCATALOG_COMPILER_GLOBAL_ACCENT_COLOR_NAME = AccentColor;
				CODE_SIGN_STYLE = Automatic;
				CURRENT_PROJECT_VERSION = 1;
				DEVELOPMENT_TEAM = AH24YSXN5M;
				GENERATE_INFOPLIST_FILE = YES;
				INFOPLIST_FILE = WeatherApp/Info.plist;
				INFOPLIST_KEY_UIApplicationSupportsIndirectInputEvents = YES;
				INFOPLIST_KEY_UILaunchStoryboardName = LaunchScreen;
				INFOPLIST_KEY_UIMainStoryboardFile = Main;
				INFOPLIST_KEY_UISupportedInterfaceOrientations_iPad = "UIInterfaceOrientationPortrait UIInterfaceOrientationPortraitUpsideDown UIInterfaceOrientationLandscapeLeft UIInterfaceOrientationLandscapeRight";
				INFOPLIST_KEY_UISupportedInterfaceOrientations_iPhone = "UIInterfaceOrientationPortrait UIInterfaceOrientationLandscapeLeft UIInterfaceOrientationLandscapeRight";
				IPHONEOS_DEPLOYMENT_TARGET = 13.0;
				LD_RUNPATH_SEARCH_PATHS = (
					"$(inherited)",
					"@executable_path/Frameworks",
				);
				MARKETING_VERSION = 1.0;
				PRODUCT_BUNDLE_IDENTIFIER = kang.WeatherApp;
				PRODUCT_NAME = "$(TARGET_NAME)";
				SWIFT_EMIT_LOC_STRINGS = YES;
				SWIFT_VERSION = 5.0;
				TARGETED_DEVICE_FAMILY = 1;
			};
			name = Debug;
		};
		8C4A7C6B28BDF20000B1CF58 /* Release */ = {
			isa = XCBuildConfiguration;
			buildSettings = {
				ASSETCATALOG_COMPILER_APPICON_NAME = AppIcon;
				ASSETCATALOG_COMPILER_GLOBAL_ACCENT_COLOR_NAME = AccentColor;
				CODE_SIGN_STYLE = Automatic;
				CURRENT_PROJECT_VERSION = 1;
				DEVELOPMENT_TEAM = AH24YSXN5M;
				GENERATE_INFOPLIST_FILE = YES;
				INFOPLIST_FILE = WeatherApp/Info.plist;
				INFOPLIST_KEY_UIApplicationSupportsIndirectInputEvents = YES;
				INFOPLIST_KEY_UILaunchStoryboardName = LaunchScreen;
				INFOPLIST_KEY_UIMainStoryboardFile = Main;
				INFOPLIST_KEY_UISupportedInterfaceOrientations_iPad = "UIInterfaceOrientationPortrait UIInterfaceOrientationPortraitUpsideDown UIInterfaceOrientationLandscapeLeft UIInterfaceOrientationLandscapeRight";
				INFOPLIST_KEY_UISupportedInterfaceOrientations_iPhone = "UIInterfaceOrientationPortrait UIInterfaceOrientationLandscapeLeft UIInterfaceOrientationLandscapeRight";
				IPHONEOS_DEPLOYMENT_TARGET = 13.0;
				LD_RUNPATH_SEARCH_PATHS = (
					"$(inherited)",
					"@executable_path/Frameworks",
				);
				MARKETING_VERSION = 1.0;
				PRODUCT_BUNDLE_IDENTIFIER = kang.WeatherApp;
				PRODUCT_NAME = "$(TARGET_NAME)";
				SWIFT_EMIT_LOC_STRINGS = YES;
				SWIFT_VERSION = 5.0;
				TARGETED_DEVICE_FAMILY = 1;
			};
			name = Release;
		};
/* End XCBuildConfiguration section */

/* Begin XCConfigurationList section */
		8C4A7C5028BDF1FD00B1CF58 /* Build configuration list for PBXProject "WeatherApp" */ = {
			isa = XCConfigurationList;
			buildConfigurations = (
				8C4A7C6728BDF20000B1CF58 /* Debug */,
				8C4A7C6828BDF20000B1CF58 /* Release */,
			);
			defaultConfigurationIsVisible = 0;
			defaultConfigurationName = Release;
		};
		8C4A7C6928BDF20000B1CF58 /* Build configuration list for PBXNativeTarget "WeatherApp" */ = {
			isa = XCConfigurationList;
			buildConfigurations = (
				8C4A7C6A28BDF20000B1CF58 /* Debug */,
				8C4A7C6B28BDF20000B1CF58 /* Release */,
			);
			defaultConfigurationIsVisible = 0;
			defaultConfigurationName = Release;
		};
/* End XCConfigurationList section */
	};
	rootObject = 8C4A7C4D28BDF1FD00B1CF58 /* Project object */;
}
